// !$*UTF8*$!
{
	archiveVersion = 1;
	classes = {
	};
	objectVersion = 50;
	objects = {

/* Begin PBXBuildFile section */
		76566FD720B3E33F00525DC3 /* ProductView.m in Sources */ = {isa = PBXBuildFile; fileRef = 76566FD620B3E33F00525DC3 /* ProductView.m */; };
		76566FDA20B3E5BA00525DC3 /* ProductAdCell.m in Sources */ = {isa = PBXBuildFile; fileRef = 76566FD920B3E5BA00525DC3 /* ProductAdCell.m */; };
		7656701C20B3FC1800525DC3 /* TransitionAnimationManager.m in Sources */ = {isa = PBXBuildFile; fileRef = 7656701B20B3FC1800525DC3 /* TransitionAnimationManager.m */; };
		7656702320B4057300525DC3 /* ProductDetialVC.m in Sources */ = {isa = PBXBuildFile; fileRef = 7656702220B4057300525DC3 /* ProductDetialVC.m */; };
		7656702A20B40E7B00525DC3 /* AppDelegate+UMeng.m in Sources */ = {isa = PBXBuildFile; fileRef = 7656702920B40E7B00525DC3 /* AppDelegate+UMeng.m */; };
		7663638620BA4DEF00425297 /* ShowStartView.m in Sources */ = {isa = PBXBuildFile; fileRef = 7663638520BA4DEF00425297 /* ShowStartView.m */; };
		7663638A20BA5A4E00425297 /* SummarizeTopView.m in Sources */ = {isa = PBXBuildFile; fileRef = 7663638920BA5A4E00425297 /* SummarizeTopView.m */; };
		7663638D20BA5A5E00425297 /* SummarizeMiddleView.m in Sources */ = {isa = PBXBuildFile; fileRef = 7663638C20BA5A5E00425297 /* SummarizeMiddleView.m */; };
		7663639020BA5A6C00425297 /* SummarizeBottomView.m in Sources */ = {isa = PBXBuildFile; fileRef = 7663638F20BA5A6C00425297 /* SummarizeBottomView.m */; };
		7663639420BA7C9000425297 /* XHStarRateView.m in Sources */ = {isa = PBXBuildFile; fileRef = 7663639320BA7C9000425297 /* XHStarRateView.m */; };
		7664451720B7E56B00D0A670 /* ProductSummarizeVC.m in Sources */ = {isa = PBXBuildFile; fileRef = 7664451620B7E56B00D0A670 /* ProductSummarizeVC.m */; };
		7664451E20B7E5C000D0A670 /* ShowScoreVc.m in Sources */ = {isa = PBXBuildFile; fileRef = 7664451D20B7E5C000D0A670 /* ShowScoreVc.m */; };
		7664452120B7E5DB00D0A670 /* ShowCommonVC.m in Sources */ = {isa = PBXBuildFile; fileRef = 7664452020B7E5DB00D0A670 /* ShowCommonVC.m */; };
		7664452420B7E5FF00D0A670 /* ProductAppraisalVC.m in Sources */ = {isa = PBXBuildFile; fileRef = 7664452320B7E5FF00D0A670 /* ProductAppraisalVC.m */; };
		7664452720B7E62A00D0A670 /* ShowAskAndAnswerVC.m in Sources */ = {isa = PBXBuildFile; fileRef = 7664452620B7E62A00D0A670 /* ShowAskAndAnswerVC.m */; };
		7664452B20B7F08900D0A670 /* ProductAppraisalCell.m in Sources */ = {isa = PBXBuildFile; fileRef = 7664452A20B7F08900D0A670 /* ProductAppraisalCell.m */; };
		7664452F20B8069D00D0A670 /* ShowAndAnswerCell.m in Sources */ = {isa = PBXBuildFile; fileRef = 7664452E20B8069D00D0A670 /* ShowAndAnswerCell.m */; };
		7664453320B814F300D0A670 /* ProductCommonCell.m in Sources */ = {isa = PBXBuildFile; fileRef = 7664453220B814F300D0A670 /* ProductCommonCell.m */; };
		768B0F7F20AE71720095E53B /* AppDelegate+Bugly.m in Sources */ = {isa = PBXBuildFile; fileRef = 768B0F7E20AE71720095E53B /* AppDelegate+Bugly.m */; };
		768B0F8920AE7E1E0095E53B /* SDBrowserImageView.m in Sources */ = {isa = PBXBuildFile; fileRef = 768B0F8320AE7E1E0095E53B /* SDBrowserImageView.m */; };
		768B0F8A20AE7E1E0095E53B /* SDPhotoBrowser.m in Sources */ = {isa = PBXBuildFile; fileRef = 768B0F8520AE7E1E0095E53B /* SDPhotoBrowser.m */; };
		768B0F8B20AE7E1E0095E53B /* SDWaitingView.m in Sources */ = {isa = PBXBuildFile; fileRef = 768B0F8820AE7E1E0095E53B /* SDWaitingView.m */; };
		768B0F8E20AEAB350095E53B /* ShadowView.m in Sources */ = {isa = PBXBuildFile; fileRef = 768B0F8D20AEAB350095E53B /* ShadowView.m */; };
		7698672120B55DE600785306 /* LineFlowLayout.m in Sources */ = {isa = PBXBuildFile; fileRef = 7698672020B55DE600785306 /* LineFlowLayout.m */; };
		76A116EB20B6959000628C1A /* ChildProductVC.m in Sources */ = {isa = PBXBuildFile; fileRef = 76A116EA20B6959000628C1A /* ChildProductVC.m */; };
		76AA1BC220BBA491005B583C /* AppDelegate+Share.m in Sources */ = {isa = PBXBuildFile; fileRef = 76AA1BC120BBA491005B583C /* AppDelegate+Share.m */; };
		76AA1BC720BBCB15005B583C /* QuestionAndAnswerVC.m in Sources */ = {isa = PBXBuildFile; fileRef = 76AA1BC620BBCB15005B583C /* QuestionAndAnswerVC.m */; };
		76AA1BCB20BBCBE3005B583C /* QuestionVC.m in Sources */ = {isa = PBXBuildFile; fileRef = 76AA1BCA20BBCBE3005B583C /* QuestionVC.m */; };
		76AA1BCE20BBCC0A005B583C /* AnswerVC.m in Sources */ = {isa = PBXBuildFile; fileRef = 76AA1BCD20BBCC0A005B583C /* AnswerVC.m */; };
		76AA1BD220BBDD25005B583C /* AppDelegate+IQKeyboardManager.m in Sources */ = {isa = PBXBuildFile; fileRef = 76AA1BD120BBDD25005B583C /* AppDelegate+IQKeyboardManager.m */; };
		76AA1BD520BBE3EE005B583C /* WriteCommonGradeVC.m in Sources */ = {isa = PBXBuildFile; fileRef = 76AA1BD420BBE3EE005B583C /* WriteCommonGradeVC.m */; };
		76AA1BD920BBE410005B583C /* CommonViewController.m in Sources */ = {isa = PBXBuildFile; fileRef = 76AA1BD820BBE410005B583C /* CommonViewController.m */; };
		76AA1BDC20BBE423005B583C /* AddGradeVC.m in Sources */ = {isa = PBXBuildFile; fileRef = 76AA1BDB20BBE423005B583C /* AddGradeVC.m */; };
		76AA1BDF20BBE605005B583C /* LoginVC.m in Sources */ = {isa = PBXBuildFile; fileRef = 76AA1BDE20BBE605005B583C /* LoginVC.m */; };
		B00AE35220AAA1E100BCA1B1 /* ReadMe.rtf in Resources */ = {isa = PBXBuildFile; fileRef = B00AE35120AAA1E100BCA1B1 /* ReadMe.rtf */; };
		B00AE36720AAA32F00BCA1B1 /* ProgressHUDView.m in Sources */ = {isa = PBXBuildFile; fileRef = B00AE35D20AAA32F00BCA1B1 /* ProgressHUDView.m */; };
		B00AE36820AAA32F00BCA1B1 /* HttpManagerRequest.m in Sources */ = {isa = PBXBuildFile; fileRef = B00AE36120AAA32F00BCA1B1 /* HttpManagerRequest.m */; };
		B00AE36920AAA32F00BCA1B1 /* HttpNetworkManager.m in Sources */ = {isa = PBXBuildFile; fileRef = B00AE36320AAA32F00BCA1B1 /* HttpNetworkManager.m */; };
		B00AE36F20AAA5B300BCA1B1 /* BaseViewController.m in Sources */ = {isa = PBXBuildFile; fileRef = B00AE36E20AAA5B300BCA1B1 /* BaseViewController.m */; };
		B00AE37220AAA5D500BCA1B1 /* BaseNavigationController.m in Sources */ = {isa = PBXBuildFile; fileRef = B00AE37120AAA5D500BCA1B1 /* BaseNavigationController.m */; };
		B00AE38020AAA93300BCA1B1 /* UIView+Common.m in Sources */ = {isa = PBXBuildFile; fileRef = B00AE37E20AAA93300BCA1B1 /* UIView+Common.m */; };
		B00AE38320AAA96F00BCA1B1 /* UIButton+ImageTitleSpacing.m in Sources */ = {isa = PBXBuildFile; fileRef = B00AE38120AAA96F00BCA1B1 /* UIButton+ImageTitleSpacing.m */; };
		B00AE38620AAA9AF00BCA1B1 /* Util.m in Sources */ = {isa = PBXBuildFile; fileRef = B00AE38520AAA9AF00BCA1B1 /* Util.m */; };
		B00AE38920AAAAF500BCA1B1 /* HomeVC.m in Sources */ = {isa = PBXBuildFile; fileRef = B00AE38820AAAAF500BCA1B1 /* HomeVC.m */; };
		B00AE39220AAB92200BCA1B1 /* UITableView+NoData.m in Sources */ = {isa = PBXBuildFile; fileRef = B00AE39120AAB92200BCA1B1 /* UITableView+NoData.m */; };
		B00AE39520AABB3800BCA1B1 /* NoDataView.m in Sources */ = {isa = PBXBuildFile; fileRef = B00AE39420AABB3800BCA1B1 /* NoDataView.m */; };
		B00AE39D20AACD1000BCA1B1 /* PersonalVC.m in Sources */ = {isa = PBXBuildFile; fileRef = B00AE39C20AACD1000BCA1B1 /* PersonalVC.m */; };
		B00AE3A120AACD7F00BCA1B1 /* MainTabBarVC.m in Sources */ = {isa = PBXBuildFile; fileRef = B00AE3A020AACD7F00BCA1B1 /* MainTabBarVC.m */; };
		B00AE3A520AAE4FB00BCA1B1 /* ProductVC.m in Sources */ = {isa = PBXBuildFile; fileRef = B00AE3A420AAE4FB00BCA1B1 /* ProductVC.m */; };
		B00AE3AA20AAE53B00BCA1B1 /* FindVC.m in Sources */ = {isa = PBXBuildFile; fileRef = B00AE3A920AAE53B00BCA1B1 /* FindVC.m */; };
		B0143C9F20ABBB880069E92F /* ZWMSegmentController.m in Sources */ = {isa = PBXBuildFile; fileRef = B0143C9C20ABBB880069E92F /* ZWMSegmentController.m */; };
		B0143CA020ABBB880069E92F /* ZWMSegmentView.m in Sources */ = {isa = PBXBuildFile; fileRef = B0143C9D20ABBB880069E92F /* ZWMSegmentView.m */; };
		B0143CA120ABBB880069E92F /* UIView+ZWMBadge.m in Sources */ = {isa = PBXBuildFile; fileRef = B0143C9E20ABBB880069E92F /* UIView+ZWMBadge.m */; };
		B0143CA520ABBBDE0069E92F /* FirstVC.m in Sources */ = {isa = PBXBuildFile; fileRef = B0143CA420ABBBDE0069E92F /* FirstVC.m */; };
		B0143CAB20ABD5AF0069E92F /* UIScrollView+Refrash.m in Sources */ = {isa = PBXBuildFile; fileRef = B0143CAA20ABD5AF0069E92F /* UIScrollView+Refrash.m */; };
		B0143CAE20ABD66B0069E92F /* CustomeRefreshView.m in Sources */ = {isa = PBXBuildFile; fileRef = B0143CAD20ABD66B0069E92F /* CustomeRefreshView.m */; };
		B041EDAA20A98C8B0084E791 /* AppDelegate.m in Sources */ = {isa = PBXBuildFile; fileRef = B041EDA920A98C8B0084E791 /* AppDelegate.m */; };
		B041EDB220A98C8B0084E791 /* Assets.xcassets in Resources */ = {isa = PBXBuildFile; fileRef = B041EDB120A98C8B0084E791 /* Assets.xcassets */; };
		B041EDB520A98C8B0084E791 /* LaunchScreen.storyboard in Resources */ = {isa = PBXBuildFile; fileRef = B041EDB320A98C8B0084E791 /* LaunchScreen.storyboard */; };
		B041EDB820A98C8B0084E791 /* main.m in Sources */ = {isa = PBXBuildFile; fileRef = B041EDB720A98C8B0084E791 /* main.m */; };
		B041EDC220A98C8B0084E791 /* jikeTests.m in Sources */ = {isa = PBXBuildFile; fileRef = B041EDC120A98C8B0084E791 /* jikeTests.m */; };
		B041EDCD20A98C8B0084E791 /* jikeUITests.m in Sources */ = {isa = PBXBuildFile; fileRef = B041EDCC20A98C8B0084E791 /* jikeUITests.m */; };
		CE771BD0E788002725CFCA6B /* libPods-jike.a in Frameworks */ = {isa = PBXBuildFile; fileRef = DDEC9BA9B3BF92CB7614C749 /* libPods-jike.a */; };
/* End PBXBuildFile section */

/* Begin PBXContainerItemProxy section */
		B041EDBE20A98C8B0084E791 /* PBXContainerItemProxy */ = {
			isa = PBXContainerItemProxy;
			containerPortal = B041ED9D20A98C8B0084E791 /* Project object */;
			proxyType = 1;
			remoteGlobalIDString = B041EDA420A98C8B0084E791;
			remoteInfo = jike;
		};
		B041EDC920A98C8B0084E791 /* PBXContainerItemProxy */ = {
			isa = PBXContainerItemProxy;
			containerPortal = B041ED9D20A98C8B0084E791 /* Project object */;
			proxyType = 1;
			remoteGlobalIDString = B041EDA420A98C8B0084E791;
			remoteInfo = jike;
		};
/* End PBXContainerItemProxy section */

/* Begin PBXFileReference section */
		76566FD520B3E33F00525DC3 /* ProductView.h */ = {isa = PBXFileReference; lastKnownFileType = sourcecode.c.h; path = ProductView.h; sourceTree = "<group>"; };
		76566FD620B3E33F00525DC3 /* ProductView.m */ = {isa = PBXFileReference; lastKnownFileType = sourcecode.c.objc; path = ProductView.m; sourceTree = "<group>"; };
		76566FD820B3E5BA00525DC3 /* ProductAdCell.h */ = {isa = PBXFileReference; lastKnownFileType = sourcecode.c.h; path = ProductAdCell.h; sourceTree = "<group>"; };
		76566FD920B3E5BA00525DC3 /* ProductAdCell.m */ = {isa = PBXFileReference; lastKnownFileType = sourcecode.c.objc; path = ProductAdCell.m; sourceTree = "<group>"; };
		7656701A20B3FC1800525DC3 /* TransitionAnimationManager.h */ = {isa = PBXFileReference; lastKnownFileType = sourcecode.c.h; path = TransitionAnimationManager.h; sourceTree = "<group>"; };
		7656701B20B3FC1800525DC3 /* TransitionAnimationManager.m */ = {isa = PBXFileReference; lastKnownFileType = sourcecode.c.objc; path = TransitionAnimationManager.m; sourceTree = "<group>"; };
		7656702120B4057300525DC3 /* ProductDetialVC.h */ = {isa = PBXFileReference; lastKnownFileType = sourcecode.c.h; path = ProductDetialVC.h; sourceTree = "<group>"; };
		7656702220B4057300525DC3 /* ProductDetialVC.m */ = {isa = PBXFileReference; lastKnownFileType = sourcecode.c.objc; path = ProductDetialVC.m; sourceTree = "<group>"; };
		7656702820B40E7B00525DC3 /* AppDelegate+UMeng.h */ = {isa = PBXFileReference; lastKnownFileType = sourcecode.c.h; path = "AppDelegate+UMeng.h"; sourceTree = "<group>"; };
		7656702920B40E7B00525DC3 /* AppDelegate+UMeng.m */ = {isa = PBXFileReference; lastKnownFileType = sourcecode.c.objc; path = "AppDelegate+UMeng.m"; sourceTree = "<group>"; };
		7663638420BA4DEF00425297 /* ShowStartView.h */ = {isa = PBXFileReference; lastKnownFileType = sourcecode.c.h; path = ShowStartView.h; sourceTree = "<group>"; };
		7663638520BA4DEF00425297 /* ShowStartView.m */ = {isa = PBXFileReference; lastKnownFileType = sourcecode.c.objc; path = ShowStartView.m; sourceTree = "<group>"; };
		7663638820BA5A4E00425297 /* SummarizeTopView.h */ = {isa = PBXFileReference; lastKnownFileType = sourcecode.c.h; path = SummarizeTopView.h; sourceTree = "<group>"; };
		7663638920BA5A4E00425297 /* SummarizeTopView.m */ = {isa = PBXFileReference; lastKnownFileType = sourcecode.c.objc; path = SummarizeTopView.m; sourceTree = "<group>"; };
		7663638B20BA5A5E00425297 /* SummarizeMiddleView.h */ = {isa = PBXFileReference; lastKnownFileType = sourcecode.c.h; path = SummarizeMiddleView.h; sourceTree = "<group>"; };
		7663638C20BA5A5E00425297 /* SummarizeMiddleView.m */ = {isa = PBXFileReference; lastKnownFileType = sourcecode.c.objc; path = SummarizeMiddleView.m; sourceTree = "<group>"; };
		7663638E20BA5A6C00425297 /* SummarizeBottomView.h */ = {isa = PBXFileReference; lastKnownFileType = sourcecode.c.h; path = SummarizeBottomView.h; sourceTree = "<group>"; };
		7663638F20BA5A6C00425297 /* SummarizeBottomView.m */ = {isa = PBXFileReference; lastKnownFileType = sourcecode.c.objc; path = SummarizeBottomView.m; sourceTree = "<group>"; };
		7663639220BA7C9000425297 /* XHStarRateView.h */ = {isa = PBXFileReference; fileEncoding = 4; lastKnownFileType = sourcecode.c.h; path = XHStarRateView.h; sourceTree = "<group>"; };
		7663639320BA7C9000425297 /* XHStarRateView.m */ = {isa = PBXFileReference; fileEncoding = 4; lastKnownFileType = sourcecode.c.objc; path = XHStarRateView.m; sourceTree = "<group>"; };
		7664451520B7E56B00D0A670 /* ProductSummarizeVC.h */ = {isa = PBXFileReference; lastKnownFileType = sourcecode.c.h; path = ProductSummarizeVC.h; sourceTree = "<group>"; };
		7664451620B7E56B00D0A670 /* ProductSummarizeVC.m */ = {isa = PBXFileReference; lastKnownFileType = sourcecode.c.objc; path = ProductSummarizeVC.m; sourceTree = "<group>"; };
		7664451C20B7E5C000D0A670 /* ShowScoreVc.h */ = {isa = PBXFileReference; lastKnownFileType = sourcecode.c.h; path = ShowScoreVc.h; sourceTree = "<group>"; };
		7664451D20B7E5C000D0A670 /* ShowScoreVc.m */ = {isa = PBXFileReference; lastKnownFileType = sourcecode.c.objc; path = ShowScoreVc.m; sourceTree = "<group>"; };
		7664451F20B7E5DB00D0A670 /* ShowCommonVC.h */ = {isa = PBXFileReference; lastKnownFileType = sourcecode.c.h; path = ShowCommonVC.h; sourceTree = "<group>"; };
		7664452020B7E5DB00D0A670 /* ShowCommonVC.m */ = {isa = PBXFileReference; lastKnownFileType = sourcecode.c.objc; path = ShowCommonVC.m; sourceTree = "<group>"; };
		7664452220B7E5FF00D0A670 /* ProductAppraisalVC.h */ = {isa = PBXFileReference; lastKnownFileType = sourcecode.c.h; path = ProductAppraisalVC.h; sourceTree = "<group>"; };
		7664452320B7E5FF00D0A670 /* ProductAppraisalVC.m */ = {isa = PBXFileReference; lastKnownFileType = sourcecode.c.objc; path = ProductAppraisalVC.m; sourceTree = "<group>"; };
		7664452520B7E62A00D0A670 /* ShowAskAndAnswerVC.h */ = {isa = PBXFileReference; lastKnownFileType = sourcecode.c.h; path = ShowAskAndAnswerVC.h; sourceTree = "<group>"; };
		7664452620B7E62A00D0A670 /* ShowAskAndAnswerVC.m */ = {isa = PBXFileReference; lastKnownFileType = sourcecode.c.objc; path = ShowAskAndAnswerVC.m; sourceTree = "<group>"; };
		7664452920B7F08900D0A670 /* ProductAppraisalCell.h */ = {isa = PBXFileReference; lastKnownFileType = sourcecode.c.h; path = ProductAppraisalCell.h; sourceTree = "<group>"; };
		7664452A20B7F08900D0A670 /* ProductAppraisalCell.m */ = {isa = PBXFileReference; lastKnownFileType = sourcecode.c.objc; path = ProductAppraisalCell.m; sourceTree = "<group>"; };
		7664452D20B8069D00D0A670 /* ShowAndAnswerCell.h */ = {isa = PBXFileReference; lastKnownFileType = sourcecode.c.h; path = ShowAndAnswerCell.h; sourceTree = "<group>"; };
		7664452E20B8069D00D0A670 /* ShowAndAnswerCell.m */ = {isa = PBXFileReference; lastKnownFileType = sourcecode.c.objc; path = ShowAndAnswerCell.m; sourceTree = "<group>"; };
		7664453120B814F300D0A670 /* ProductCommonCell.h */ = {isa = PBXFileReference; lastKnownFileType = sourcecode.c.h; path = ProductCommonCell.h; sourceTree = "<group>"; };
		7664453220B814F300D0A670 /* ProductCommonCell.m */ = {isa = PBXFileReference; lastKnownFileType = sourcecode.c.objc; path = ProductCommonCell.m; sourceTree = "<group>"; };
		768B0F7D20AE71720095E53B /* AppDelegate+Bugly.h */ = {isa = PBXFileReference; lastKnownFileType = sourcecode.c.h; path = "AppDelegate+Bugly.h"; sourceTree = "<group>"; };
		768B0F7E20AE71720095E53B /* AppDelegate+Bugly.m */ = {isa = PBXFileReference; lastKnownFileType = sourcecode.c.objc; path = "AppDelegate+Bugly.m"; sourceTree = "<group>"; };
		768B0F8220AE7E1E0095E53B /* SDBrowserImageView.h */ = {isa = PBXFileReference; fileEncoding = 4; lastKnownFileType = sourcecode.c.h; path = SDBrowserImageView.h; sourceTree = "<group>"; };
		768B0F8320AE7E1E0095E53B /* SDBrowserImageView.m */ = {isa = PBXFileReference; fileEncoding = 4; lastKnownFileType = sourcecode.c.objc; path = SDBrowserImageView.m; sourceTree = "<group>"; };
		768B0F8420AE7E1E0095E53B /* SDPhotoBrowser.h */ = {isa = PBXFileReference; fileEncoding = 4; lastKnownFileType = sourcecode.c.h; path = SDPhotoBrowser.h; sourceTree = "<group>"; };
		768B0F8520AE7E1E0095E53B /* SDPhotoBrowser.m */ = {isa = PBXFileReference; fileEncoding = 4; lastKnownFileType = sourcecode.c.objc; path = SDPhotoBrowser.m; sourceTree = "<group>"; };
		768B0F8620AE7E1E0095E53B /* SDPhotoBrowserConfig.h */ = {isa = PBXFileReference; fileEncoding = 4; lastKnownFileType = sourcecode.c.h; path = SDPhotoBrowserConfig.h; sourceTree = "<group>"; };
		768B0F8720AE7E1E0095E53B /* SDWaitingView.h */ = {isa = PBXFileReference; fileEncoding = 4; lastKnownFileType = sourcecode.c.h; path = SDWaitingView.h; sourceTree = "<group>"; };
		768B0F8820AE7E1E0095E53B /* SDWaitingView.m */ = {isa = PBXFileReference; fileEncoding = 4; lastKnownFileType = sourcecode.c.objc; path = SDWaitingView.m; sourceTree = "<group>"; };
		768B0F8C20AEAB350095E53B /* ShadowView.h */ = {isa = PBXFileReference; lastKnownFileType = sourcecode.c.h; path = ShadowView.h; sourceTree = "<group>"; };
		768B0F8D20AEAB350095E53B /* ShadowView.m */ = {isa = PBXFileReference; lastKnownFileType = sourcecode.c.objc; path = ShadowView.m; sourceTree = "<group>"; };
		7698671F20B55DE600785306 /* LineFlowLayout.h */ = {isa = PBXFileReference; lastKnownFileType = sourcecode.c.h; path = LineFlowLayout.h; sourceTree = "<group>"; };
		7698672020B55DE600785306 /* LineFlowLayout.m */ = {isa = PBXFileReference; lastKnownFileType = sourcecode.c.objc; path = LineFlowLayout.m; sourceTree = "<group>"; };
		76A116E920B6959000628C1A /* ChildProductVC.h */ = {isa = PBXFileReference; lastKnownFileType = sourcecode.c.h; path = ChildProductVC.h; sourceTree = "<group>"; };
		76A116EA20B6959000628C1A /* ChildProductVC.m */ = {isa = PBXFileReference; lastKnownFileType = sourcecode.c.objc; path = ChildProductVC.m; sourceTree = "<group>"; };
		76AA1BC020BBA491005B583C /* AppDelegate+Share.h */ = {isa = PBXFileReference; lastKnownFileType = sourcecode.c.h; path = "AppDelegate+Share.h"; sourceTree = "<group>"; };
		76AA1BC120BBA491005B583C /* AppDelegate+Share.m */ = {isa = PBXFileReference; lastKnownFileType = sourcecode.c.objc; path = "AppDelegate+Share.m"; sourceTree = "<group>"; };
		76AA1BC520BBCB14005B583C /* QuestionAndAnswerVC.h */ = {isa = PBXFileReference; lastKnownFileType = sourcecode.c.h; path = QuestionAndAnswerVC.h; sourceTree = "<group>"; };
		76AA1BC620BBCB15005B583C /* QuestionAndAnswerVC.m */ = {isa = PBXFileReference; lastKnownFileType = sourcecode.c.objc; path = QuestionAndAnswerVC.m; sourceTree = "<group>"; };
		76AA1BC920BBCBE3005B583C /* QuestionVC.h */ = {isa = PBXFileReference; lastKnownFileType = sourcecode.c.h; path = QuestionVC.h; sourceTree = "<group>"; };
		76AA1BCA20BBCBE3005B583C /* QuestionVC.m */ = {isa = PBXFileReference; lastKnownFileType = sourcecode.c.objc; path = QuestionVC.m; sourceTree = "<group>"; };
		76AA1BCC20BBCC0A005B583C /* AnswerVC.h */ = {isa = PBXFileReference; lastKnownFileType = sourcecode.c.h; path = AnswerVC.h; sourceTree = "<group>"; };
		76AA1BCD20BBCC0A005B583C /* AnswerVC.m */ = {isa = PBXFileReference; lastKnownFileType = sourcecode.c.objc; path = AnswerVC.m; sourceTree = "<group>"; };
		76AA1BD020BBDD25005B583C /* AppDelegate+IQKeyboardManager.h */ = {isa = PBXFileReference; lastKnownFileType = sourcecode.c.h; path = "AppDelegate+IQKeyboardManager.h"; sourceTree = "<group>"; };
		76AA1BD120BBDD25005B583C /* AppDelegate+IQKeyboardManager.m */ = {isa = PBXFileReference; lastKnownFileType = sourcecode.c.objc; path = "AppDelegate+IQKeyboardManager.m"; sourceTree = "<group>"; };
		76AA1BD320BBE3EE005B583C /* WriteCommonGradeVC.h */ = {isa = PBXFileReference; lastKnownFileType = sourcecode.c.h; path = WriteCommonGradeVC.h; sourceTree = "<group>"; };
		76AA1BD420BBE3EE005B583C /* WriteCommonGradeVC.m */ = {isa = PBXFileReference; lastKnownFileType = sourcecode.c.objc; path = WriteCommonGradeVC.m; sourceTree = "<group>"; };
		76AA1BD720BBE410005B583C /* CommonViewController.h */ = {isa = PBXFileReference; lastKnownFileType = sourcecode.c.h; path = CommonViewController.h; sourceTree = "<group>"; };
		76AA1BD820BBE410005B583C /* CommonViewController.m */ = {isa = PBXFileReference; lastKnownFileType = sourcecode.c.objc; path = CommonViewController.m; sourceTree = "<group>"; };
		76AA1BDA20BBE423005B583C /* AddGradeVC.h */ = {isa = PBXFileReference; lastKnownFileType = sourcecode.c.h; path = AddGradeVC.h; sourceTree = "<group>"; };
		76AA1BDB20BBE423005B583C /* AddGradeVC.m */ = {isa = PBXFileReference; lastKnownFileType = sourcecode.c.objc; path = AddGradeVC.m; sourceTree = "<group>"; };
		76AA1BDD20BBE605005B583C /* LoginVC.h */ = {isa = PBXFileReference; lastKnownFileType = sourcecode.c.h; path = LoginVC.h; sourceTree = "<group>"; };
		76AA1BDE20BBE605005B583C /* LoginVC.m */ = {isa = PBXFileReference; lastKnownFileType = sourcecode.c.objc; path = LoginVC.m; sourceTree = "<group>"; };
		9553F47F42A51AB5A98B0FF0 /* Pods-jike.release.xcconfig */ = {isa = PBXFileReference; includeInIndex = 1; lastKnownFileType = text.xcconfig; name = "Pods-jike.release.xcconfig"; path = "Pods/Target Support Files/Pods-jike/Pods-jike.release.xcconfig"; sourceTree = "<group>"; };
		AAF38DD6D791673DE409F771 /* libPods-jikeTests.a */ = {isa = PBXFileReference; explicitFileType = archive.ar; includeInIndex = 0; path = "libPods-jikeTests.a"; sourceTree = BUILT_PRODUCTS_DIR; };
		ACDAC33F0C44037FBECCB8D4 /* libPods-jikeUITests.a */ = {isa = PBXFileReference; explicitFileType = archive.ar; includeInIndex = 0; path = "libPods-jikeUITests.a"; sourceTree = BUILT_PRODUCTS_DIR; };
		B00AE35120AAA1E100BCA1B1 /* ReadMe.rtf */ = {isa = PBXFileReference; lastKnownFileType = text.rtf; path = ReadMe.rtf; sourceTree = "<group>"; };
		B00AE35D20AAA32F00BCA1B1 /* ProgressHUDView.m */ = {isa = PBXFileReference; fileEncoding = 4; lastKnownFileType = sourcecode.c.objc; path = ProgressHUDView.m; sourceTree = "<group>"; };
		B00AE35E20AAA32F00BCA1B1 /* ProgressHUDView.h */ = {isa = PBXFileReference; fileEncoding = 4; lastKnownFileType = sourcecode.c.h; path = ProgressHUDView.h; sourceTree = "<group>"; };
		B00AE36020AAA32F00BCA1B1 /* HttpManagerRequest.h */ = {isa = PBXFileReference; fileEncoding = 4; lastKnownFileType = sourcecode.c.h; path = HttpManagerRequest.h; sourceTree = "<group>"; };
		B00AE36120AAA32F00BCA1B1 /* HttpManagerRequest.m */ = {isa = PBXFileReference; fileEncoding = 4; lastKnownFileType = sourcecode.c.objc; path = HttpManagerRequest.m; sourceTree = "<group>"; };
		B00AE36320AAA32F00BCA1B1 /* HttpNetworkManager.m */ = {isa = PBXFileReference; fileEncoding = 4; lastKnownFileType = sourcecode.c.objc; path = HttpNetworkManager.m; sourceTree = "<group>"; };
		B00AE36420AAA32F00BCA1B1 /* HttpNetworkManager.h */ = {isa = PBXFileReference; fileEncoding = 4; lastKnownFileType = sourcecode.c.h; path = HttpNetworkManager.h; sourceTree = "<group>"; };
		B00AE36520AAA32F00BCA1B1 /* inlineDefine.h */ = {isa = PBXFileReference; fileEncoding = 4; lastKnownFileType = sourcecode.c.h; path = inlineDefine.h; sourceTree = "<group>"; };
		B00AE36620AAA32F00BCA1B1 /* APIName.h */ = {isa = PBXFileReference; fileEncoding = 4; lastKnownFileType = sourcecode.c.h; path = APIName.h; sourceTree = "<group>"; };
		B00AE36D20AAA5B300BCA1B1 /* BaseViewController.h */ = {isa = PBXFileReference; lastKnownFileType = sourcecode.c.h; path = BaseViewController.h; sourceTree = "<group>"; };
		B00AE36E20AAA5B300BCA1B1 /* BaseViewController.m */ = {isa = PBXFileReference; lastKnownFileType = sourcecode.c.objc; path = BaseViewController.m; sourceTree = "<group>"; };
		B00AE37020AAA5D500BCA1B1 /* BaseNavigationController.h */ = {isa = PBXFileReference; lastKnownFileType = sourcecode.c.h; path = BaseNavigationController.h; sourceTree = "<group>"; };
		B00AE37120AAA5D500BCA1B1 /* BaseNavigationController.m */ = {isa = PBXFileReference; lastKnownFileType = sourcecode.c.objc; path = BaseNavigationController.m; sourceTree = "<group>"; };
		B00AE37520AAA67100BCA1B1 /* AppKey.h */ = {isa = PBXFileReference; lastKnownFileType = sourcecode.c.h; path = AppKey.h; sourceTree = "<group>"; };
		B00AE37E20AAA93300BCA1B1 /* UIView+Common.m */ = {isa = PBXFileReference; fileEncoding = 4; lastKnownFileType = sourcecode.c.objc; path = "UIView+Common.m"; sourceTree = "<group>"; };
		B00AE37F20AAA93300BCA1B1 /* UIView+Common.h */ = {isa = PBXFileReference; fileEncoding = 4; lastKnownFileType = sourcecode.c.h; path = "UIView+Common.h"; sourceTree = "<group>"; };
		B00AE38120AAA96F00BCA1B1 /* UIButton+ImageTitleSpacing.m */ = {isa = PBXFileReference; fileEncoding = 4; lastKnownFileType = sourcecode.c.objc; path = "UIButton+ImageTitleSpacing.m"; sourceTree = "<group>"; };
		B00AE38220AAA96F00BCA1B1 /* UIButton+ImageTitleSpacing.h */ = {isa = PBXFileReference; fileEncoding = 4; lastKnownFileType = sourcecode.c.h; path = "UIButton+ImageTitleSpacing.h"; sourceTree = "<group>"; };
		B00AE38420AAA9AF00BCA1B1 /* Util.h */ = {isa = PBXFileReference; lastKnownFileType = sourcecode.c.h; path = Util.h; sourceTree = "<group>"; };
		B00AE38520AAA9AF00BCA1B1 /* Util.m */ = {isa = PBXFileReference; lastKnownFileType = sourcecode.c.objc; path = Util.m; sourceTree = "<group>"; };
		B00AE38720AAAAF500BCA1B1 /* HomeVC.h */ = {isa = PBXFileReference; lastKnownFileType = sourcecode.c.h; path = HomeVC.h; sourceTree = "<group>"; };
		B00AE38820AAAAF500BCA1B1 /* HomeVC.m */ = {isa = PBXFileReference; lastKnownFileType = sourcecode.c.objc; path = HomeVC.m; sourceTree = "<group>"; };
		B00AE39020AAB92200BCA1B1 /* UITableView+NoData.h */ = {isa = PBXFileReference; lastKnownFileType = sourcecode.c.h; path = "UITableView+NoData.h"; sourceTree = "<group>"; };
		B00AE39120AAB92200BCA1B1 /* UITableView+NoData.m */ = {isa = PBXFileReference; lastKnownFileType = sourcecode.c.objc; path = "UITableView+NoData.m"; sourceTree = "<group>"; };
		B00AE39320AABB3800BCA1B1 /* NoDataView.h */ = {isa = PBXFileReference; lastKnownFileType = sourcecode.c.h; path = NoDataView.h; sourceTree = "<group>"; };
		B00AE39420AABB3800BCA1B1 /* NoDataView.m */ = {isa = PBXFileReference; lastKnownFileType = sourcecode.c.objc; path = NoDataView.m; sourceTree = "<group>"; };
		B00AE39620AAC10A00BCA1B1 /* PrefixHeader.pch */ = {isa = PBXFileReference; lastKnownFileType = sourcecode.c.h; path = PrefixHeader.pch; sourceTree = "<group>"; };
		B00AE39B20AACD1000BCA1B1 /* PersonalVC.h */ = {isa = PBXFileReference; lastKnownFileType = sourcecode.c.h; path = PersonalVC.h; sourceTree = "<group>"; };
		B00AE39C20AACD1000BCA1B1 /* PersonalVC.m */ = {isa = PBXFileReference; lastKnownFileType = sourcecode.c.objc; path = PersonalVC.m; sourceTree = "<group>"; };
		B00AE39F20AACD7F00BCA1B1 /* MainTabBarVC.h */ = {isa = PBXFileReference; lastKnownFileType = sourcecode.c.h; path = MainTabBarVC.h; sourceTree = "<group>"; };
		B00AE3A020AACD7F00BCA1B1 /* MainTabBarVC.m */ = {isa = PBXFileReference; lastKnownFileType = sourcecode.c.objc; path = MainTabBarVC.m; sourceTree = "<group>"; };
		B00AE3A320AAE4FB00BCA1B1 /* ProductVC.h */ = {isa = PBXFileReference; lastKnownFileType = sourcecode.c.h; path = ProductVC.h; sourceTree = "<group>"; };
		B00AE3A420AAE4FB00BCA1B1 /* ProductVC.m */ = {isa = PBXFileReference; lastKnownFileType = sourcecode.c.objc; path = ProductVC.m; sourceTree = "<group>"; };
		B00AE3A820AAE53B00BCA1B1 /* FindVC.h */ = {isa = PBXFileReference; lastKnownFileType = sourcecode.c.h; path = FindVC.h; sourceTree = "<group>"; };
		B00AE3A920AAE53B00BCA1B1 /* FindVC.m */ = {isa = PBXFileReference; lastKnownFileType = sourcecode.c.objc; path = FindVC.m; sourceTree = "<group>"; };
		B0143C9920ABBB880069E92F /* ZWMSegmentView.h */ = {isa = PBXFileReference; fileEncoding = 4; lastKnownFileType = sourcecode.c.h; path = ZWMSegmentView.h; sourceTree = "<group>"; };
		B0143C9A20ABBB880069E92F /* ZWMSegmentController.h */ = {isa = PBXFileReference; fileEncoding = 4; lastKnownFileType = sourcecode.c.h; path = ZWMSegmentController.h; sourceTree = "<group>"; };
		B0143C9B20ABBB880069E92F /* UIView+ZWMBadge.h */ = {isa = PBXFileReference; fileEncoding = 4; lastKnownFileType = sourcecode.c.h; path = "UIView+ZWMBadge.h"; sourceTree = "<group>"; };
		B0143C9C20ABBB880069E92F /* ZWMSegmentController.m */ = {isa = PBXFileReference; fileEncoding = 4; lastKnownFileType = sourcecode.c.objc; path = ZWMSegmentController.m; sourceTree = "<group>"; };
		B0143C9D20ABBB880069E92F /* ZWMSegmentView.m */ = {isa = PBXFileReference; fileEncoding = 4; lastKnownFileType = sourcecode.c.objc; path = ZWMSegmentView.m; sourceTree = "<group>"; };
		B0143C9E20ABBB880069E92F /* UIView+ZWMBadge.m */ = {isa = PBXFileReference; fileEncoding = 4; lastKnownFileType = sourcecode.c.objc; path = "UIView+ZWMBadge.m"; sourceTree = "<group>"; };
		B0143CA320ABBBDE0069E92F /* FirstVC.h */ = {isa = PBXFileReference; lastKnownFileType = sourcecode.c.h; path = FirstVC.h; sourceTree = "<group>"; };
		B0143CA420ABBBDE0069E92F /* FirstVC.m */ = {isa = PBXFileReference; lastKnownFileType = sourcecode.c.objc; path = FirstVC.m; sourceTree = "<group>"; };
		B0143CA820ABC47D0069E92F /* ColorAndFont.h */ = {isa = PBXFileReference; lastKnownFileType = sourcecode.c.h; path = ColorAndFont.h; sourceTree = "<group>"; };
		B0143CA920ABD5AF0069E92F /* UIScrollView+Refrash.h */ = {isa = PBXFileReference; lastKnownFileType = sourcecode.c.h; path = "UIScrollView+Refrash.h"; sourceTree = "<group>"; };
		B0143CAA20ABD5AF0069E92F /* UIScrollView+Refrash.m */ = {isa = PBXFileReference; lastKnownFileType = sourcecode.c.objc; path = "UIScrollView+Refrash.m"; sourceTree = "<group>"; };
		B0143CAC20ABD66B0069E92F /* CustomeRefreshView.h */ = {isa = PBXFileReference; lastKnownFileType = sourcecode.c.h; path = CustomeRefreshView.h; sourceTree = "<group>"; };
		B0143CAD20ABD66B0069E92F /* CustomeRefreshView.m */ = {isa = PBXFileReference; lastKnownFileType = sourcecode.c.objc; path = CustomeRefreshView.m; sourceTree = "<group>"; };
		B0143CAF20AC095F0069E92F /* TableViewRefresh.h */ = {isa = PBXFileReference; lastKnownFileType = sourcecode.c.h; path = TableViewRefresh.h; sourceTree = "<group>"; };
		B041EDA520A98C8B0084E791 /* jike.app */ = {isa = PBXFileReference; explicitFileType = wrapper.application; includeInIndex = 0; path = jike.app; sourceTree = BUILT_PRODUCTS_DIR; };
		B041EDA820A98C8B0084E791 /* AppDelegate.h */ = {isa = PBXFileReference; lastKnownFileType = sourcecode.c.h; path = AppDelegate.h; sourceTree = "<group>"; };
		B041EDA920A98C8B0084E791 /* AppDelegate.m */ = {isa = PBXFileReference; lastKnownFileType = sourcecode.c.objc; path = AppDelegate.m; sourceTree = "<group>"; };
		B041EDB120A98C8B0084E791 /* Assets.xcassets */ = {isa = PBXFileReference; lastKnownFileType = folder.assetcatalog; path = Assets.xcassets; sourceTree = "<group>"; };
		B041EDB420A98C8B0084E791 /* Base */ = {isa = PBXFileReference; lastKnownFileType = file.storyboard; name = Base; path = Base.lproj/LaunchScreen.storyboard; sourceTree = "<group>"; };
		B041EDB620A98C8B0084E791 /* Info.plist */ = {isa = PBXFileReference; lastKnownFileType = text.plist.xml; path = Info.plist; sourceTree = "<group>"; };
		B041EDB720A98C8B0084E791 /* main.m */ = {isa = PBXFileReference; lastKnownFileType = sourcecode.c.objc; path = main.m; sourceTree = "<group>"; };
		B041EDBD20A98C8B0084E791 /* jikeTests.xctest */ = {isa = PBXFileReference; explicitFileType = wrapper.cfbundle; includeInIndex = 0; path = jikeTests.xctest; sourceTree = BUILT_PRODUCTS_DIR; };
		B041EDC120A98C8B0084E791 /* jikeTests.m */ = {isa = PBXFileReference; lastKnownFileType = sourcecode.c.objc; path = jikeTests.m; sourceTree = "<group>"; };
		B041EDC320A98C8B0084E791 /* Info.plist */ = {isa = PBXFileReference; lastKnownFileType = text.plist.xml; path = Info.plist; sourceTree = "<group>"; };
		B041EDC820A98C8B0084E791 /* jikeUITests.xctest */ = {isa = PBXFileReference; explicitFileType = wrapper.cfbundle; includeInIndex = 0; path = jikeUITests.xctest; sourceTree = BUILT_PRODUCTS_DIR; };
		B041EDCC20A98C8B0084E791 /* jikeUITests.m */ = {isa = PBXFileReference; lastKnownFileType = sourcecode.c.objc; path = jikeUITests.m; sourceTree = "<group>"; };
		B041EDCE20A98C8B0084E791 /* Info.plist */ = {isa = PBXFileReference; lastKnownFileType = text.plist.xml; path = Info.plist; sourceTree = "<group>"; };
		DDEC9BA9B3BF92CB7614C749 /* libPods-jike.a */ = {isa = PBXFileReference; explicitFileType = archive.ar; includeInIndex = 0; path = "libPods-jike.a"; sourceTree = BUILT_PRODUCTS_DIR; };
		F6E2781BED627A9681A5A0F1 /* Pods-jike.debug.xcconfig */ = {isa = PBXFileReference; includeInIndex = 1; lastKnownFileType = text.xcconfig; name = "Pods-jike.debug.xcconfig"; path = "Pods/Target Support Files/Pods-jike/Pods-jike.debug.xcconfig"; sourceTree = "<group>"; };
/* End PBXFileReference section */

/* Begin PBXFrameworksBuildPhase section */
		B041EDA220A98C8B0084E791 /* Frameworks */ = {
			isa = PBXFrameworksBuildPhase;
			buildActionMask = 2147483647;
			files = (
				CE771BD0E788002725CFCA6B /* libPods-jike.a in Frameworks */,
			);
			runOnlyForDeploymentPostprocessing = 0;
		};
		B041EDBA20A98C8B0084E791 /* Frameworks */ = {
			isa = PBXFrameworksBuildPhase;
			buildActionMask = 2147483647;
			files = (
			);
			runOnlyForDeploymentPostprocessing = 0;
		};
		B041EDC520A98C8B0084E791 /* Frameworks */ = {
			isa = PBXFrameworksBuildPhase;
			buildActionMask = 2147483647;
			files = (
			);
			runOnlyForDeploymentPostprocessing = 0;
		};
/* End PBXFrameworksBuildPhase section */

/* Begin PBXGroup section */
		479E624EE99C62BE636255D7 /* Frameworks */ = {
			isa = PBXGroup;
			children = (
				DDEC9BA9B3BF92CB7614C749 /* libPods-jike.a */,
				AAF38DD6D791673DE409F771 /* libPods-jikeTests.a */,
				ACDAC33F0C44037FBECCB8D4 /* libPods-jikeUITests.a */,
			);
			name = Frameworks;
			sourceTree = "<group>";
		};
		4BCA7D0CE817C5B2DB125B52 /* Pods */ = {
			isa = PBXGroup;
			children = (
				F6E2781BED627A9681A5A0F1 /* Pods-jike.debug.xcconfig */,
				9553F47F42A51AB5A98B0FF0 /* Pods-jike.release.xcconfig */,
			);
			name = Pods;
			sourceTree = "<group>";
		};
		76566FD420B3E30800525DC3 /* View */ = {
			isa = PBXGroup;
			children = (
				76566FD520B3E33F00525DC3 /* ProductView.h */,
				76566FD620B3E33F00525DC3 /* ProductView.m */,
				76566FD820B3E5BA00525DC3 /* ProductAdCell.h */,
				76566FD920B3E5BA00525DC3 /* ProductAdCell.m */,
				7698671F20B55DE600785306 /* LineFlowLayout.h */,
				7698672020B55DE600785306 /* LineFlowLayout.m */,
			);
			path = View;
			sourceTree = "<group>";
		};
		7656701920B3F86E00525DC3 /* TransitionsAnimation */ = {
			isa = PBXGroup;
			children = (
				7656701A20B3FC1800525DC3 /* TransitionAnimationManager.h */,
				7656701B20B3FC1800525DC3 /* TransitionAnimationManager.m */,
			);
			path = TransitionsAnimation;
			sourceTree = "<group>";
		};
		7656702020B4052900525DC3 /* 产品详情 */ = {
			isa = PBXGroup;
			children = (
				7664451320B7DB4D00D0A670 /* ChildVC */,
				7656702120B4057300525DC3 /* ProductDetialVC.h */,
				7656702220B4057300525DC3 /* ProductDetialVC.m */,
			);
			path = "产品详情";
			sourceTree = "<group>";
		};
		7656702720B40E5000525DC3 /* 友盟统计 */ = {
			isa = PBXGroup;
			children = (
				7656702820B40E7B00525DC3 /* AppDelegate+UMeng.h */,
				7656702920B40E7B00525DC3 /* AppDelegate+UMeng.m */,
			);
			path = "友盟统计";
			sourceTree = "<group>";
		};
		7663638320BA4D9900425297 /* View */ = {
			isa = PBXGroup;
			children = (
				7663638420BA4DEF00425297 /* ShowStartView.h */,
				7663638520BA4DEF00425297 /* ShowStartView.m */,
			);
			path = View;
			sourceTree = "<group>";
		};
		7663638720BA5A2300425297 /* View */ = {
			isa = PBXGroup;
			children = (
				7663638820BA5A4E00425297 /* SummarizeTopView.h */,
				7663638920BA5A4E00425297 /* SummarizeTopView.m */,
				7663638B20BA5A5E00425297 /* SummarizeMiddleView.h */,
				7663638C20BA5A5E00425297 /* SummarizeMiddleView.m */,
				7663638E20BA5A6C00425297 /* SummarizeBottomView.h */,
				7663638F20BA5A6C00425297 /* SummarizeBottomView.m */,
			);
			path = View;
			sourceTree = "<group>";
		};
		7663639120BA7C9000425297 /* XHStarRateView */ = {
			isa = PBXGroup;
			children = (
				7663639220BA7C9000425297 /* XHStarRateView.h */,
				7663639320BA7C9000425297 /* XHStarRateView.m */,
			);
			path = XHStarRateView;
			sourceTree = "<group>";
		};
		7664451320B7DB4D00D0A670 /* ChildVC */ = {
			isa = PBXGroup;
			children = (
				7664451420B7E53700D0A670 /* 概述 */,
				7664451820B7E57000D0A670 /* 评分 */,
				7664451920B7E57D00D0A670 /* 评论 */,
				7664451A20B7E58400D0A670 /* 测评 */,
				7664451B20B7E58E00D0A670 /* 问答 */,
			);
			path = ChildVC;
			sourceTree = "<group>";
		};
		7664451420B7E53700D0A670 /* 概述 */ = {
			isa = PBXGroup;
			children = (
				7663638720BA5A2300425297 /* View */,
				7664451520B7E56B00D0A670 /* ProductSummarizeVC.h */,
				7664451620B7E56B00D0A670 /* ProductSummarizeVC.m */,
			);
			path = "概述";
			sourceTree = "<group>";
		};
		7664451820B7E57000D0A670 /* 评分 */ = {
			isa = PBXGroup;
			children = (
				7663638320BA4D9900425297 /* View */,
				7664451C20B7E5C000D0A670 /* ShowScoreVc.h */,
				7664451D20B7E5C000D0A670 /* ShowScoreVc.m */,
			);
			path = "评分";
			sourceTree = "<group>";
		};
		7664451920B7E57D00D0A670 /* 评论 */ = {
			isa = PBXGroup;
			children = (
				7664453020B814C500D0A670 /* View */,
				7664451F20B7E5DB00D0A670 /* ShowCommonVC.h */,
				7664452020B7E5DB00D0A670 /* ShowCommonVC.m */,
			);
			path = "评论";
			sourceTree = "<group>";
		};
		7664451A20B7E58400D0A670 /* 测评 */ = {
			isa = PBXGroup;
			children = (
				7664452820B7EFCE00D0A670 /* View */,
				7664452220B7E5FF00D0A670 /* ProductAppraisalVC.h */,
				7664452320B7E5FF00D0A670 /* ProductAppraisalVC.m */,
			);
			path = "测评";
			sourceTree = "<group>";
		};
		7664451B20B7E58E00D0A670 /* 问答 */ = {
			isa = PBXGroup;
			children = (
				7664452C20B8067700D0A670 /* View */,
				7664452520B7E62A00D0A670 /* ShowAskAndAnswerVC.h */,
				7664452620B7E62A00D0A670 /* ShowAskAndAnswerVC.m */,
			);
			path = "问答";
			sourceTree = "<group>";
		};
		7664452820B7EFCE00D0A670 /* View */ = {
			isa = PBXGroup;
			children = (
				7664452920B7F08900D0A670 /* ProductAppraisalCell.h */,
				7664452A20B7F08900D0A670 /* ProductAppraisalCell.m */,
			);
			path = View;
			sourceTree = "<group>";
		};
		7664452C20B8067700D0A670 /* View */ = {
			isa = PBXGroup;
			children = (
				7664452D20B8069D00D0A670 /* ShowAndAnswerCell.h */,
				7664452E20B8069D00D0A670 /* ShowAndAnswerCell.m */,
			);
			path = View;
			sourceTree = "<group>";
		};
		7664453020B814C500D0A670 /* View */ = {
			isa = PBXGroup;
			children = (
				7664453120B814F300D0A670 /* ProductCommonCell.h */,
				7664453220B814F300D0A670 /* ProductCommonCell.m */,
			);
			path = View;
			sourceTree = "<group>";
		};
		767DEC3D20B2BDA6009CB5D6 /* Configuration */ = {
			isa = PBXGroup;
			children = (
				B00AE37520AAA67100BCA1B1 /* AppKey.h */,
				B0143CA820ABC47D0069E92F /* ColorAndFont.h */,
			);
			path = Configuration;
			sourceTree = "<group>";
		};
		768B0F7C20AE71560095E53B /* Component */ = {
			isa = PBXGroup;
			children = (
				76AA1BCF20BBDD05005B583C /* Keyboard */,
				76AA1BBC20BBA43E005B583C /* 分享 */,
				7656702720B40E5000525DC3 /* 友盟统计 */,
				768B0F8020AE71790095E53B /* 崩溃统计 */,
			);
			path = Component;
			sourceTree = "<group>";
		};
		768B0F8020AE71790095E53B /* 崩溃统计 */ = {
			isa = PBXGroup;
			children = (
				768B0F7D20AE71720095E53B /* AppDelegate+Bugly.h */,
				768B0F7E20AE71720095E53B /* AppDelegate+Bugly.m */,
			);
			path = "崩溃统计";
			sourceTree = "<group>";
		};
		768B0F8120AE7E1E0095E53B /* SDPhotoBrowser */ = {
			isa = PBXGroup;
			children = (
				768B0F8220AE7E1E0095E53B /* SDBrowserImageView.h */,
				768B0F8320AE7E1E0095E53B /* SDBrowserImageView.m */,
				768B0F8420AE7E1E0095E53B /* SDPhotoBrowser.h */,
				768B0F8520AE7E1E0095E53B /* SDPhotoBrowser.m */,
				768B0F8620AE7E1E0095E53B /* SDPhotoBrowserConfig.h */,
				768B0F8720AE7E1E0095E53B /* SDWaitingView.h */,
				768B0F8820AE7E1E0095E53B /* SDWaitingView.m */,
			);
			path = SDPhotoBrowser;
			sourceTree = "<group>";
		};
		76A116E520B694BD00628C1A /* ChildVC */ = {
			isa = PBXGroup;
			children = (
				76A116E920B6959000628C1A /* ChildProductVC.h */,
				76A116EA20B6959000628C1A /* ChildProductVC.m */,
			);
			path = ChildVC;
			sourceTree = "<group>";
		};
		76AA1BBB20BB9911005B583C /* LoginAndRegist */ = {
			isa = PBXGroup;
			children = (
				76AA1BDD20BBE605005B583C /* LoginVC.h */,
				76AA1BDE20BBE605005B583C /* LoginVC.m */,
			);
			path = LoginAndRegist;
			sourceTree = "<group>";
		};
		76AA1BBC20BBA43E005B583C /* 分享 */ = {
			isa = PBXGroup;
			children = (
				76AA1BC020BBA491005B583C /* AppDelegate+Share.h */,
				76AA1BC120BBA491005B583C /* AppDelegate+Share.m */,
			);
			path = "分享";
			sourceTree = "<group>";
		};
		76AA1BC320BBC9BF005B583C /* WriteCommonAndGrade */ = {
			isa = PBXGroup;
			children = (
				76AA1BD620BBE400005B583C /* ChildVC */,
				76AA1BD320BBE3EE005B583C /* WriteCommonGradeVC.h */,
				76AA1BD420BBE3EE005B583C /* WriteCommonGradeVC.m */,
			);
			path = WriteCommonAndGrade;
			sourceTree = "<group>";
		};
		76AA1BC420BBCAC2005B583C /* QuestionAndAnswer */ = {
			isa = PBXGroup;
			children = (
				76AA1BC820BBCBC9005B583C /* ChildVC */,
				76AA1BC520BBCB14005B583C /* QuestionAndAnswerVC.h */,
				76AA1BC620BBCB15005B583C /* QuestionAndAnswerVC.m */,
			);
			path = QuestionAndAnswer;
			sourceTree = "<group>";
		};
		76AA1BC820BBCBC9005B583C /* ChildVC */ = {
			isa = PBXGroup;
			children = (
				76AA1BC920BBCBE3005B583C /* QuestionVC.h */,
				76AA1BCA20BBCBE3005B583C /* QuestionVC.m */,
				76AA1BCC20BBCC0A005B583C /* AnswerVC.h */,
				76AA1BCD20BBCC0A005B583C /* AnswerVC.m */,
			);
			path = ChildVC;
			sourceTree = "<group>";
		};
		76AA1BCF20BBDD05005B583C /* Keyboard */ = {
			isa = PBXGroup;
			children = (
				76AA1BD020BBDD25005B583C /* AppDelegate+IQKeyboardManager.h */,
				76AA1BD120BBDD25005B583C /* AppDelegate+IQKeyboardManager.m */,
			);
			path = Keyboard;
			sourceTree = "<group>";
		};
		76AA1BD620BBE400005B583C /* ChildVC */ = {
			isa = PBXGroup;
			children = (
				76AA1BD720BBE410005B583C /* CommonViewController.h */,
				76AA1BD820BBE410005B583C /* CommonViewController.m */,
				76AA1BDA20BBE423005B583C /* AddGradeVC.h */,
				76AA1BDB20BBE423005B583C /* AddGradeVC.m */,
			);
			path = ChildVC;
			sourceTree = "<group>";
		};
		B00AE34F20AAA17700BCA1B1 /* Classes */ = {
			isa = PBXGroup;
			children = (
				B00AE35020AAA1AC00BCA1B1 /* Public */,
				B00AE36A20AAA4F300BCA1B1 /* Module */,
			);
			path = Classes;
			sourceTree = "<group>";
		};
		B00AE35020AAA1AC00BCA1B1 /* Public */ = {
			isa = PBXGroup;
			children = (
				7656701920B3F86E00525DC3 /* TransitionsAnimation */,
				767DEC3D20B2BDA6009CB5D6 /* Configuration */,
				B00AE36C20AAA58C00BCA1B1 /* BaseVC */,
				B00AE37320AAA5F600BCA1B1 /* BaseModel */,
				B00AE37720AAA6FE00BCA1B1 /* Category */,
				B0143C9720ABBB3B0069E92F /* Verdor */,
				B00AE37420AAA60400BCA1B1 /* Util */,
				B00AE35320AAA21800BCA1B1 /* NetworkingRequest */,
			);
			path = Public;
			sourceTree = "<group>";
		};
		B00AE35320AAA21800BCA1B1 /* NetworkingRequest */ = {
			isa = PBXGroup;
			children = (
				B00AE36220AAA32F00BCA1B1 /* 请求管理类 */,
				B00AE35F20AAA32F00BCA1B1 /* 请求类 */,
				B00AE35C20AAA32F00BCA1B1 /* 提示器 */,
				B00AE36620AAA32F00BCA1B1 /* APIName.h */,
				B00AE36520AAA32F00BCA1B1 /* inlineDefine.h */,
			);
			path = NetworkingRequest;
			sourceTree = "<group>";
		};
		B00AE35C20AAA32F00BCA1B1 /* 提示器 */ = {
			isa = PBXGroup;
			children = (
				B00AE35D20AAA32F00BCA1B1 /* ProgressHUDView.m */,
				B00AE35E20AAA32F00BCA1B1 /* ProgressHUDView.h */,
			);
			path = "提示器";
			sourceTree = "<group>";
		};
		B00AE35F20AAA32F00BCA1B1 /* 请求类 */ = {
			isa = PBXGroup;
			children = (
				B00AE36020AAA32F00BCA1B1 /* HttpManagerRequest.h */,
				B00AE36120AAA32F00BCA1B1 /* HttpManagerRequest.m */,
			);
			path = "请求类";
			sourceTree = "<group>";
		};
		B00AE36220AAA32F00BCA1B1 /* 请求管理类 */ = {
			isa = PBXGroup;
			children = (
				B00AE36320AAA32F00BCA1B1 /* HttpNetworkManager.m */,
				B00AE36420AAA32F00BCA1B1 /* HttpNetworkManager.h */,
			);
			path = "请求管理类";
			sourceTree = "<group>";
		};
		B00AE36A20AAA4F300BCA1B1 /* Module */ = {
			isa = PBXGroup;
			children = (
				76AA1BC420BBCAC2005B583C /* QuestionAndAnswer */,
				76AA1BBB20BB9911005B583C /* LoginAndRegist */,
				B00AE39E20AACD2200BCA1B1 /* TabBar */,
				B00AE36B20AAA57200BCA1B1 /* Home */,
				B00AE3A220AAE48100BCA1B1 /* Product */,
				B00AE3A720AAE52400BCA1B1 /* Find */,
				B00AE39A20AACCB500BCA1B1 /* Personal */,
				76AA1BC320BBC9BF005B583C /* WriteCommonAndGrade */,
			);
			path = Module;
			sourceTree = "<group>";
		};
		B00AE36B20AAA57200BCA1B1 /* Home */ = {
			isa = PBXGroup;
			children = (
				B0143CA220ABBBA10069E92F /* ChildVC */,
				B00AE38720AAAAF500BCA1B1 /* HomeVC.h */,
				B00AE38820AAAAF500BCA1B1 /* HomeVC.m */,
			);
			path = Home;
			sourceTree = "<group>";
		};
		B00AE36C20AAA58C00BCA1B1 /* BaseVC */ = {
			isa = PBXGroup;
			children = (
				B00AE36D20AAA5B300BCA1B1 /* BaseViewController.h */,
				B00AE36E20AAA5B300BCA1B1 /* BaseViewController.m */,
				B00AE37020AAA5D500BCA1B1 /* BaseNavigationController.h */,
				B00AE37120AAA5D500BCA1B1 /* BaseNavigationController.m */,
			);
			path = BaseVC;
			sourceTree = "<group>";
		};
		B00AE37320AAA5F600BCA1B1 /* BaseModel */ = {
			isa = PBXGroup;
			children = (
			);
			path = BaseModel;
			sourceTree = "<group>";
		};
		B00AE37420AAA60400BCA1B1 /* Util */ = {
			isa = PBXGroup;
			children = (
				B00AE38420AAA9AF00BCA1B1 /* Util.h */,
				B00AE38520AAA9AF00BCA1B1 /* Util.m */,
			);
			path = Util;
			sourceTree = "<group>";
		};
		B00AE37720AAA6FE00BCA1B1 /* Category */ = {
			isa = PBXGroup;
			children = (
				B00AE38C20AAB76D00BCA1B1 /* UITableView */,
				B00AE37C20AAA8E200BCA1B1 /* UIButton */,
				B00AE37B20AAA8D500BCA1B1 /* UIView */,
			);
			path = Category;
			sourceTree = "<group>";
		};
		B00AE37B20AAA8D500BCA1B1 /* UIView */ = {
			isa = PBXGroup;
			children = (
				B00AE37F20AAA93300BCA1B1 /* UIView+Common.h */,
				B00AE37E20AAA93300BCA1B1 /* UIView+Common.m */,
			);
			path = UIView;
			sourceTree = "<group>";
		};
		B00AE37C20AAA8E200BCA1B1 /* UIButton */ = {
			isa = PBXGroup;
			children = (
				B00AE38220AAA96F00BCA1B1 /* UIButton+ImageTitleSpacing.h */,
				B00AE38120AAA96F00BCA1B1 /* UIButton+ImageTitleSpacing.m */,
			);
			path = UIButton;
			sourceTree = "<group>";
		};
		B00AE38C20AAB76D00BCA1B1 /* UITableView */ = {
			isa = PBXGroup;
			children = (
				B0143CAF20AC095F0069E92F /* TableViewRefresh.h */,
				B00AE39020AAB92200BCA1B1 /* UITableView+NoData.h */,
				B00AE39120AAB92200BCA1B1 /* UITableView+NoData.m */,
				B0143CA920ABD5AF0069E92F /* UIScrollView+Refrash.h */,
				B0143CAA20ABD5AF0069E92F /* UIScrollView+Refrash.m */,
				B00AE39320AABB3800BCA1B1 /* NoDataView.h */,
				B00AE39420AABB3800BCA1B1 /* NoDataView.m */,
				B0143CAC20ABD66B0069E92F /* CustomeRefreshView.h */,
				B0143CAD20ABD66B0069E92F /* CustomeRefreshView.m */,
			);
			path = UITableView;
			sourceTree = "<group>";
		};
		B00AE39A20AACCB500BCA1B1 /* Personal */ = {
			isa = PBXGroup;
			children = (
				B00AE39B20AACD1000BCA1B1 /* PersonalVC.h */,
				B00AE39C20AACD1000BCA1B1 /* PersonalVC.m */,
			);
			path = Personal;
			sourceTree = "<group>";
		};
		B00AE39E20AACD2200BCA1B1 /* TabBar */ = {
			isa = PBXGroup;
			children = (
				B00AE39F20AACD7F00BCA1B1 /* MainTabBarVC.h */,
				B00AE3A020AACD7F00BCA1B1 /* MainTabBarVC.m */,
			);
			path = TabBar;
			sourceTree = "<group>";
		};
		B00AE3A220AAE48100BCA1B1 /* Product */ = {
			isa = PBXGroup;
			children = (
				76A116E520B694BD00628C1A /* ChildVC */,
				7656702020B4052900525DC3 /* 产品详情 */,
				76566FD420B3E30800525DC3 /* View */,
				B00AE3A320AAE4FB00BCA1B1 /* ProductVC.h */,
				B00AE3A420AAE4FB00BCA1B1 /* ProductVC.m */,
			);
			path = Product;
			sourceTree = "<group>";
		};
		B00AE3A720AAE52400BCA1B1 /* Find */ = {
			isa = PBXGroup;
			children = (
				B00AE3A820AAE53B00BCA1B1 /* FindVC.h */,
				B00AE3A920AAE53B00BCA1B1 /* FindVC.m */,
				768B0F8C20AEAB350095E53B /* ShadowView.h */,
				768B0F8D20AEAB350095E53B /* ShadowView.m */,
			);
			path = Find;
			sourceTree = "<group>";
		};
		B0143C9720ABBB3B0069E92F /* Verdor */ = {
			isa = PBXGroup;
			children = (
				7663639120BA7C9000425297 /* XHStarRateView */,
				768B0F8120AE7E1E0095E53B /* SDPhotoBrowser */,
				B0143C9820ABBB880069E92F /* ZWMSegment */,
			);
			path = Verdor;
			sourceTree = "<group>";
		};
		B0143C9820ABBB880069E92F /* ZWMSegment */ = {
			isa = PBXGroup;
			children = (
				B0143C9920ABBB880069E92F /* ZWMSegmentView.h */,
				B0143C9D20ABBB880069E92F /* ZWMSegmentView.m */,
				B0143C9A20ABBB880069E92F /* ZWMSegmentController.h */,
				B0143C9C20ABBB880069E92F /* ZWMSegmentController.m */,
				B0143C9B20ABBB880069E92F /* UIView+ZWMBadge.h */,
				B0143C9E20ABBB880069E92F /* UIView+ZWMBadge.m */,
			);
			path = ZWMSegment;
			sourceTree = "<group>";
		};
		B0143CA220ABBBA10069E92F /* ChildVC */ = {
			isa = PBXGroup;
			children = (
				B0143CA320ABBBDE0069E92F /* FirstVC.h */,
				B0143CA420ABBBDE0069E92F /* FirstVC.m */,
			);
			path = ChildVC;
			sourceTree = "<group>";
		};
		B041ED9C20A98C8B0084E791 = {
			isa = PBXGroup;
			children = (
				B041EDA720A98C8B0084E791 /* jike */,
				B041EDC020A98C8B0084E791 /* jikeTests */,
				B041EDCB20A98C8B0084E791 /* jikeUITests */,
				B041EDA620A98C8B0084E791 /* Products */,
				4BCA7D0CE817C5B2DB125B52 /* Pods */,
				479E624EE99C62BE636255D7 /* Frameworks */,
			);
			sourceTree = "<group>";
		};
		B041EDA620A98C8B0084E791 /* Products */ = {
			isa = PBXGroup;
			children = (
				B041EDA520A98C8B0084E791 /* jike.app */,
				B041EDBD20A98C8B0084E791 /* jikeTests.xctest */,
				B041EDC820A98C8B0084E791 /* jikeUITests.xctest */,
			);
			name = Products;
			sourceTree = "<group>";
		};
		B041EDA720A98C8B0084E791 /* jike */ = {
			isa = PBXGroup;
			children = (
				768B0F7C20AE71560095E53B /* Component */,
				B00AE34F20AAA17700BCA1B1 /* Classes */,
				B041EDA820A98C8B0084E791 /* AppDelegate.h */,
				B041EDA920A98C8B0084E791 /* AppDelegate.m */,
				B00AE39620AAC10A00BCA1B1 /* PrefixHeader.pch */,
				B041EDB120A98C8B0084E791 /* Assets.xcassets */,
				B041EDB320A98C8B0084E791 /* LaunchScreen.storyboard */,
				B041EDB620A98C8B0084E791 /* Info.plist */,
				B041EDB720A98C8B0084E791 /* main.m */,
				B00AE35120AAA1E100BCA1B1 /* ReadMe.rtf */,
			);
			path = jike;
			sourceTree = "<group>";
		};
		B041EDC020A98C8B0084E791 /* jikeTests */ = {
			isa = PBXGroup;
			children = (
				B041EDC120A98C8B0084E791 /* jikeTests.m */,
				B041EDC320A98C8B0084E791 /* Info.plist */,
			);
			path = jikeTests;
			sourceTree = "<group>";
		};
		B041EDCB20A98C8B0084E791 /* jikeUITests */ = {
			isa = PBXGroup;
			children = (
				B041EDCC20A98C8B0084E791 /* jikeUITests.m */,
				B041EDCE20A98C8B0084E791 /* Info.plist */,
			);
			path = jikeUITests;
			sourceTree = "<group>";
		};
/* End PBXGroup section */

/* Begin PBXNativeTarget section */
		B041EDA420A98C8B0084E791 /* jike */ = {
			isa = PBXNativeTarget;
			buildConfigurationList = B041EDD120A98C8B0084E791 /* Build configuration list for PBXNativeTarget "jike" */;
			buildPhases = (
				ACBBB74281567AE9A75DE66D /* [CP] Check Pods Manifest.lock */,
				B041EDA120A98C8B0084E791 /* Sources */,
				B041EDA220A98C8B0084E791 /* Frameworks */,
				B041EDA320A98C8B0084E791 /* Resources */,
				BE473A4A5A11229742AE0A1D /* [CP] Copy Pods Resources */,
			);
			buildRules = (
			);
			dependencies = (
			);
			name = jike;
			productName = jike;
			productReference = B041EDA520A98C8B0084E791 /* jike.app */;
			productType = "com.apple.product-type.application";
		};
		B041EDBC20A98C8B0084E791 /* jikeTests */ = {
			isa = PBXNativeTarget;
			buildConfigurationList = B041EDD420A98C8B0084E791 /* Build configuration list for PBXNativeTarget "jikeTests" */;
			buildPhases = (
				B041EDB920A98C8B0084E791 /* Sources */,
				B041EDBA20A98C8B0084E791 /* Frameworks */,
				B041EDBB20A98C8B0084E791 /* Resources */,
			);
			buildRules = (
			);
			dependencies = (
				B041EDBF20A98C8B0084E791 /* PBXTargetDependency */,
			);
			name = jikeTests;
			productName = jikeTests;
			productReference = B041EDBD20A98C8B0084E791 /* jikeTests.xctest */;
			productType = "com.apple.product-type.bundle.unit-test";
		};
		B041EDC720A98C8B0084E791 /* jikeUITests */ = {
			isa = PBXNativeTarget;
			buildConfigurationList = B041EDD720A98C8B0084E791 /* Build configuration list for PBXNativeTarget "jikeUITests" */;
			buildPhases = (
				B041EDC420A98C8B0084E791 /* Sources */,
				B041EDC520A98C8B0084E791 /* Frameworks */,
				B041EDC620A98C8B0084E791 /* Resources */,
			);
			buildRules = (
			);
			dependencies = (
				B041EDCA20A98C8B0084E791 /* PBXTargetDependency */,
			);
			name = jikeUITests;
			productName = jikeUITests;
			productReference = B041EDC820A98C8B0084E791 /* jikeUITests.xctest */;
			productType = "com.apple.product-type.bundle.ui-testing";
		};
/* End PBXNativeTarget section */

/* Begin PBXProject section */
		B041ED9D20A98C8B0084E791 /* Project object */ = {
			isa = PBXProject;
			attributes = {
				LastUpgradeCheck = 0930;
				ORGANIZATIONNAME = "陶庭兴";
				TargetAttributes = {
					B041EDA420A98C8B0084E791 = {
						CreatedOnToolsVersion = 9.3.1;
					};
					B041EDBC20A98C8B0084E791 = {
						CreatedOnToolsVersion = 9.3.1;
						TestTargetID = B041EDA420A98C8B0084E791;
					};
					B041EDC720A98C8B0084E791 = {
						CreatedOnToolsVersion = 9.3.1;
						TestTargetID = B041EDA420A98C8B0084E791;
					};
				};
			};
			buildConfigurationList = B041EDA020A98C8B0084E791 /* Build configuration list for PBXProject "jike" */;
			compatibilityVersion = "Xcode 9.3";
			developmentRegion = en;
			hasScannedForEncodings = 0;
			knownRegions = (
				en,
				Base,
			);
			mainGroup = B041ED9C20A98C8B0084E791;
			productRefGroup = B041EDA620A98C8B0084E791 /* Products */;
			projectDirPath = "";
			projectRoot = "";
			targets = (
				B041EDA420A98C8B0084E791 /* jike */,
				B041EDBC20A98C8B0084E791 /* jikeTests */,
				B041EDC720A98C8B0084E791 /* jikeUITests */,
			);
		};
/* End PBXProject section */

/* Begin PBXResourcesBuildPhase section */
		B041EDA320A98C8B0084E791 /* Resources */ = {
			isa = PBXResourcesBuildPhase;
			buildActionMask = 2147483647;
			files = (
				B041EDB520A98C8B0084E791 /* LaunchScreen.storyboard in Resources */,
				B00AE35220AAA1E100BCA1B1 /* ReadMe.rtf in Resources */,
				B041EDB220A98C8B0084E791 /* Assets.xcassets in Resources */,
			);
			runOnlyForDeploymentPostprocessing = 0;
		};
		B041EDBB20A98C8B0084E791 /* Resources */ = {
			isa = PBXResourcesBuildPhase;
			buildActionMask = 2147483647;
			files = (
			);
			runOnlyForDeploymentPostprocessing = 0;
		};
		B041EDC620A98C8B0084E791 /* Resources */ = {
			isa = PBXResourcesBuildPhase;
			buildActionMask = 2147483647;
			files = (
			);
			runOnlyForDeploymentPostprocessing = 0;
		};
/* End PBXResourcesBuildPhase section */

/* Begin PBXShellScriptBuildPhase section */
		ACBBB74281567AE9A75DE66D /* [CP] Check Pods Manifest.lock */ = {
			isa = PBXShellScriptBuildPhase;
			buildActionMask = 2147483647;
			files = (
			);
			inputPaths = (
				"${PODS_PODFILE_DIR_PATH}/Podfile.lock",
				"${PODS_ROOT}/Manifest.lock",
			);
			name = "[CP] Check Pods Manifest.lock";
			outputPaths = (
				"$(DERIVED_FILE_DIR)/Pods-jike-checkManifestLockResult.txt",
			);
			runOnlyForDeploymentPostprocessing = 0;
			shellPath = /bin/sh;
			shellScript = "diff \"${PODS_PODFILE_DIR_PATH}/Podfile.lock\" \"${PODS_ROOT}/Manifest.lock\" > /dev/null\nif [ $? != 0 ] ; then\n    # print error to STDERR\n    echo \"error: The sandbox is not in sync with the Podfile.lock. Run 'pod install' or update your CocoaPods installation.\" >&2\n    exit 1\nfi\n# This output is used by Xcode 'outputs' to avoid re-running this script phase.\necho \"SUCCESS\" > \"${SCRIPT_OUTPUT_FILE_0}\"\n";
			showEnvVarsInLog = 0;
		};
		BE473A4A5A11229742AE0A1D /* [CP] Copy Pods Resources */ = {
			isa = PBXShellScriptBuildPhase;
			buildActionMask = 2147483647;
			files = (
			);
			inputPaths = (
				"${SRCROOT}/Pods/Target Support Files/Pods-jike/Pods-jike-resources.sh",
				"${PODS_ROOT}/IQKeyboardManager/IQKeyboardManager/Resources/IQKeyboardManager.bundle",
				"${PODS_ROOT}/ProgressHUD/ProgressHUD/ProgressHUD/ProgressHUD.bundle",
				"${PODS_ROOT}/TZImagePickerController/TZImagePickerController/TZImagePickerController/TZImagePickerController.bundle",
				"${PODS_ROOT}/mob_sharesdk/SDK/ShareSDK/Support/Required/ShareSDK.bundle",
				"${PODS_ROOT}/mob_sharesdk/SDK/ShareSDK/Support/PlatformSDK/SinaWeiboSDK/WeiboSDK.bundle",
				"${PODS_ROOT}/mob_sharesdk/SDK/ShareSDK/Support/Optional/ShareSDKUI.bundle",
			);
			name = "[CP] Copy Pods Resources";
			outputPaths = (
				"${TARGET_BUILD_DIR}/${UNLOCALIZED_RESOURCES_FOLDER_PATH}/IQKeyboardManager.bundle",
				"${TARGET_BUILD_DIR}/${UNLOCALIZED_RESOURCES_FOLDER_PATH}/ProgressHUD.bundle",
				"${TARGET_BUILD_DIR}/${UNLOCALIZED_RESOURCES_FOLDER_PATH}/TZImagePickerController.bundle",
				"${TARGET_BUILD_DIR}/${UNLOCALIZED_RESOURCES_FOLDER_PATH}/ShareSDK.bundle",
				"${TARGET_BUILD_DIR}/${UNLOCALIZED_RESOURCES_FOLDER_PATH}/WeiboSDK.bundle",
				"${TARGET_BUILD_DIR}/${UNLOCALIZED_RESOURCES_FOLDER_PATH}/ShareSDKUI.bundle",
			);
			runOnlyForDeploymentPostprocessing = 0;
			shellPath = /bin/sh;
			shellScript = "\"${SRCROOT}/Pods/Target Support Files/Pods-jike/Pods-jike-resources.sh\"\n";
			showEnvVarsInLog = 0;
		};
/* End PBXShellScriptBuildPhase section */

/* Begin PBXSourcesBuildPhase section */
		B041EDA120A98C8B0084E791 /* Sources */ = {
			isa = PBXSourcesBuildPhase;
			buildActionMask = 2147483647;
			files = (
				7664452B20B7F08900D0A670 /* ProductAppraisalCell.m in Sources */,
				B00AE3A520AAE4FB00BCA1B1 /* ProductVC.m in Sources */,
				B0143CA520ABBBDE0069E92F /* FirstVC.m in Sources */,
				B00AE36920AAA32F00BCA1B1 /* HttpNetworkManager.m in Sources */,
				76AA1BD920BBE410005B583C /* CommonViewController.m in Sources */,
				7664453320B814F300D0A670 /* ProductCommonCell.m in Sources */,
				B00AE39520AABB3800BCA1B1 /* NoDataView.m in Sources */,
				768B0F8920AE7E1E0095E53B /* SDBrowserImageView.m in Sources */,
				76AA1BD520BBE3EE005B583C /* WriteCommonGradeVC.m in Sources */,
				B00AE37220AAA5D500BCA1B1 /* BaseNavigationController.m in Sources */,
				B00AE39220AAB92200BCA1B1 /* UITableView+NoData.m in Sources */,
				B00AE36F20AAA5B300BCA1B1 /* BaseViewController.m in Sources */,
				76566FD720B3E33F00525DC3 /* ProductView.m in Sources */,
				7664452F20B8069D00D0A670 /* ShowAndAnswerCell.m in Sources */,
				76AA1BDF20BBE605005B583C /* LoginVC.m in Sources */,
				7663639420BA7C9000425297 /* XHStarRateView.m in Sources */,
				768B0F8A20AE7E1E0095E53B /* SDPhotoBrowser.m in Sources */,
				7664451720B7E56B00D0A670 /* ProductSummarizeVC.m in Sources */,
				B041EDB820A98C8B0084E791 /* main.m in Sources */,
				768B0F7F20AE71720095E53B /* AppDelegate+Bugly.m in Sources */,
				7656701C20B3FC1800525DC3 /* TransitionAnimationManager.m in Sources */,
				76AA1BD220BBDD25005B583C /* AppDelegate+IQKeyboardManager.m in Sources */,
				7664452420B7E5FF00D0A670 /* ProductAppraisalVC.m in Sources */,
				B00AE39D20AACD1000BCA1B1 /* PersonalVC.m in Sources */,
				B041EDAA20A98C8B0084E791 /* AppDelegate.m in Sources */,
				76566FDA20B3E5BA00525DC3 /* ProductAdCell.m in Sources */,
				7663639020BA5A6C00425297 /* SummarizeBottomView.m in Sources */,
				B00AE38620AAA9AF00BCA1B1 /* Util.m in Sources */,
				7664452720B7E62A00D0A670 /* ShowAskAndAnswerVC.m in Sources */,
				B0143C9F20ABBB880069E92F /* ZWMSegmentController.m in Sources */,
				7663638620BA4DEF00425297 /* ShowStartView.m in Sources */,
				B00AE38920AAAAF500BCA1B1 /* HomeVC.m in Sources */,
				768B0F8E20AEAB350095E53B /* ShadowView.m in Sources */,
				B0143CAB20ABD5AF0069E92F /* UIScrollView+Refrash.m in Sources */,
				7664451E20B7E5C000D0A670 /* ShowScoreVc.m in Sources */,
				B0143CAE20ABD66B0069E92F /* CustomeRefreshView.m in Sources */,
				B00AE36720AAA32F00BCA1B1 /* ProgressHUDView.m in Sources */,
				7663638A20BA5A4E00425297 /* SummarizeTopView.m in Sources */,
				7698672120B55DE600785306 /* LineFlowLayout.m in Sources */,
				76A116EB20B6959000628C1A /* ChildProductVC.m in Sources */,
				B00AE36820AAA32F00BCA1B1 /* HttpManagerRequest.m in Sources */,
				7664452120B7E5DB00D0A670 /* ShowCommonVC.m in Sources */,
				768B0F8B20AE7E1E0095E53B /* SDWaitingView.m in Sources */,
				7663638D20BA5A5E00425297 /* SummarizeMiddleView.m in Sources */,
				76AA1BC720BBCB15005B583C /* QuestionAndAnswerVC.m in Sources */,
				76AA1BDC20BBE423005B583C /* AddGradeVC.m in Sources */,
				B00AE38020AAA93300BCA1B1 /* UIView+Common.m in Sources */,
				B00AE38320AAA96F00BCA1B1 /* UIButton+ImageTitleSpacing.m in Sources */,
				B00AE3A120AACD7F00BCA1B1 /* MainTabBarVC.m in Sources */,
				B0143CA120ABBB880069E92F /* UIView+ZWMBadge.m in Sources */,
				B0143CA020ABBB880069E92F /* ZWMSegmentView.m in Sources */,
				76AA1BCB20BBCBE3005B583C /* QuestionVC.m in Sources */,
				76AA1BC220BBA491005B583C /* AppDelegate+Share.m in Sources */,
				7656702A20B40E7B00525DC3 /* AppDelegate+UMeng.m in Sources */,
				B00AE3AA20AAE53B00BCA1B1 /* FindVC.m in Sources */,
				76AA1BCE20BBCC0A005B583C /* AnswerVC.m in Sources */,
				7656702320B4057300525DC3 /* ProductDetialVC.m in Sources */,
			);
			runOnlyForDeploymentPostprocessing = 0;
		};
		B041EDB920A98C8B0084E791 /* Sources */ = {
			isa = PBXSourcesBuildPhase;
			buildActionMask = 2147483647;
			files = (
				B041EDC220A98C8B0084E791 /* jikeTests.m in Sources */,
			);
			runOnlyForDeploymentPostprocessing = 0;
		};
		B041EDC420A98C8B0084E791 /* Sources */ = {
			isa = PBXSourcesBuildPhase;
			buildActionMask = 2147483647;
			files = (
				B041EDCD20A98C8B0084E791 /* jikeUITests.m in Sources */,
			);
			runOnlyForDeploymentPostprocessing = 0;
		};
/* End PBXSourcesBuildPhase section */

/* Begin PBXTargetDependency section */
		B041EDBF20A98C8B0084E791 /* PBXTargetDependency */ = {
			isa = PBXTargetDependency;
			target = B041EDA420A98C8B0084E791 /* jike */;
			targetProxy = B041EDBE20A98C8B0084E791 /* PBXContainerItemProxy */;
		};
		B041EDCA20A98C8B0084E791 /* PBXTargetDependency */ = {
			isa = PBXTargetDependency;
			target = B041EDA420A98C8B0084E791 /* jike */;
			targetProxy = B041EDC920A98C8B0084E791 /* PBXContainerItemProxy */;
		};
/* End PBXTargetDependency section */

/* Begin PBXVariantGroup section */
		B041EDB320A98C8B0084E791 /* LaunchScreen.storyboard */ = {
			isa = PBXVariantGroup;
			children = (
				B041EDB420A98C8B0084E791 /* Base */,
			);
			name = LaunchScreen.storyboard;
			sourceTree = "<group>";
		};
/* End PBXVariantGroup section */

/* Begin XCBuildConfiguration section */
		B041EDCF20A98C8B0084E791 /* Debug */ = {
			isa = XCBuildConfiguration;
			buildSettings = {
				ALWAYS_SEARCH_USER_PATHS = NO;
				CLANG_ANALYZER_NONNULL = YES;
				CLANG_ANALYZER_NUMBER_OBJECT_CONVERSION = YES_AGGRESSIVE;
				CLANG_CXX_LANGUAGE_STANDARD = "gnu++14";
				CLANG_CXX_LIBRARY = "libc++";
				CLANG_ENABLE_MODULES = YES;
				CLANG_ENABLE_OBJC_ARC = YES;
				CLANG_ENABLE_OBJC_WEAK = YES;
				CLANG_WARN_BLOCK_CAPTURE_AUTORELEASING = YES;
				CLANG_WARN_BOOL_CONVERSION = YES;
				CLANG_WARN_COMMA = YES;
				CLANG_WARN_CONSTANT_CONVERSION = YES;
				CLANG_WARN_DEPRECATED_OBJC_IMPLEMENTATIONS = YES;
				CLANG_WARN_DIRECT_OBJC_ISA_USAGE = YES_ERROR;
				CLANG_WARN_DOCUMENTATION_COMMENTS = YES;
				CLANG_WARN_EMPTY_BODY = YES;
				CLANG_WARN_ENUM_CONVERSION = YES;
				CLANG_WARN_INFINITE_RECURSION = YES;
				CLANG_WARN_INT_CONVERSION = YES;
				CLANG_WARN_NON_LITERAL_NULL_CONVERSION = YES;
				CLANG_WARN_OBJC_IMPLICIT_RETAIN_SELF = YES;
				CLANG_WARN_OBJC_LITERAL_CONVERSION = YES;
				CLANG_WARN_OBJC_ROOT_CLASS = YES_ERROR;
				CLANG_WARN_RANGE_LOOP_ANALYSIS = YES;
				CLANG_WARN_STRICT_PROTOTYPES = YES;
				CLANG_WARN_SUSPICIOUS_MOVE = YES;
				CLANG_WARN_UNGUARDED_AVAILABILITY = YES_AGGRESSIVE;
				CLANG_WARN_UNREACHABLE_CODE = YES;
				CLANG_WARN__DUPLICATE_METHOD_MATCH = YES;
				CODE_SIGN_IDENTITY = "iPhone Developer";
				COPY_PHASE_STRIP = NO;
				DEBUG_INFORMATION_FORMAT = dwarf;
				ENABLE_STRICT_OBJC_MSGSEND = YES;
				ENABLE_TESTABILITY = YES;
				GCC_C_LANGUAGE_STANDARD = gnu11;
				GCC_DYNAMIC_NO_PIC = NO;
				GCC_NO_COMMON_BLOCKS = YES;
				GCC_OPTIMIZATION_LEVEL = 0;
				GCC_PREPROCESSOR_DEFINITIONS = (
					"DEBUG=1",
					"$(inherited)",
				);
				GCC_WARN_64_TO_32_BIT_CONVERSION = YES;
				GCC_WARN_ABOUT_RETURN_TYPE = YES_ERROR;
				GCC_WARN_UNDECLARED_SELECTOR = YES;
				GCC_WARN_UNINITIALIZED_AUTOS = YES_AGGRESSIVE;
				GCC_WARN_UNUSED_FUNCTION = YES;
				GCC_WARN_UNUSED_VARIABLE = YES;
				IPHONEOS_DEPLOYMENT_TARGET = 11.3;
				MTL_ENABLE_DEBUG_INFO = YES;
				ONLY_ACTIVE_ARCH = YES;
				SDKROOT = iphoneos;
			};
			name = Debug;
		};
		B041EDD020A98C8B0084E791 /* Release */ = {
			isa = XCBuildConfiguration;
			buildSettings = {
				ALWAYS_SEARCH_USER_PATHS = NO;
				CLANG_ANALYZER_NONNULL = YES;
				CLANG_ANALYZER_NUMBER_OBJECT_CONVERSION = YES_AGGRESSIVE;
				CLANG_CXX_LANGUAGE_STANDARD = "gnu++14";
				CLANG_CXX_LIBRARY = "libc++";
				CLANG_ENABLE_MODULES = YES;
				CLANG_ENABLE_OBJC_ARC = YES;
				CLANG_ENABLE_OBJC_WEAK = YES;
				CLANG_WARN_BLOCK_CAPTURE_AUTORELEASING = YES;
				CLANG_WARN_BOOL_CONVERSION = YES;
				CLANG_WARN_COMMA = YES;
				CLANG_WARN_CONSTANT_CONVERSION = YES;
				CLANG_WARN_DEPRECATED_OBJC_IMPLEMENTATIONS = YES;
				CLANG_WARN_DIRECT_OBJC_ISA_USAGE = YES_ERROR;
				CLANG_WARN_DOCUMENTATION_COMMENTS = YES;
				CLANG_WARN_EMPTY_BODY = YES;
				CLANG_WARN_ENUM_CONVERSION = YES;
				CLANG_WARN_INFINITE_RECURSION = YES;
				CLANG_WARN_INT_CONVERSION = YES;
				CLANG_WARN_NON_LITERAL_NULL_CONVERSION = YES;
				CLANG_WARN_OBJC_IMPLICIT_RETAIN_SELF = YES;
				CLANG_WARN_OBJC_LITERAL_CONVERSION = YES;
				CLANG_WARN_OBJC_ROOT_CLASS = YES_ERROR;
				CLANG_WARN_RANGE_LOOP_ANALYSIS = YES;
				CLANG_WARN_STRICT_PROTOTYPES = YES;
				CLANG_WARN_SUSPICIOUS_MOVE = YES;
				CLANG_WARN_UNGUARDED_AVAILABILITY = YES_AGGRESSIVE;
				CLANG_WARN_UNREACHABLE_CODE = YES;
				CLANG_WARN__DUPLICATE_METHOD_MATCH = YES;
				CODE_SIGN_IDENTITY = "iPhone Developer";
				COPY_PHASE_STRIP = NO;
				DEBUG_INFORMATION_FORMAT = "dwarf-with-dsym";
				ENABLE_NS_ASSERTIONS = NO;
				ENABLE_STRICT_OBJC_MSGSEND = YES;
				GCC_C_LANGUAGE_STANDARD = gnu11;
				GCC_NO_COMMON_BLOCKS = YES;
				GCC_WARN_64_TO_32_BIT_CONVERSION = YES;
				GCC_WARN_ABOUT_RETURN_TYPE = YES_ERROR;
				GCC_WARN_UNDECLARED_SELECTOR = YES;
				GCC_WARN_UNINITIALIZED_AUTOS = YES_AGGRESSIVE;
				GCC_WARN_UNUSED_FUNCTION = YES;
				GCC_WARN_UNUSED_VARIABLE = YES;
				IPHONEOS_DEPLOYMENT_TARGET = 11.3;
				MTL_ENABLE_DEBUG_INFO = NO;
				SDKROOT = iphoneos;
				VALIDATE_PRODUCT = YES;
			};
			name = Release;
		};
		B041EDD220A98C8B0084E791 /* Debug */ = {
			isa = XCBuildConfiguration;
			baseConfigurationReference = F6E2781BED627A9681A5A0F1 /* Pods-jike.debug.xcconfig */;
			buildSettings = {
				ASSETCATALOG_COMPILER_APPICON_NAME = AppIcon;
				CODE_SIGN_STYLE = Automatic;
				DEVELOPMENT_TEAM = G4WKFEB524;
				GCC_PRECOMPILE_PREFIX_HEADER = YES;
				GCC_PREFIX_HEADER = jike/PrefixHeader.pch;
				INFOPLIST_FILE = jike/Info.plist;
				IPHONEOS_DEPLOYMENT_TARGET = 9.3;
				LD_RUNPATH_SEARCH_PATHS = (
					"$(inherited)",
					"@executable_path/Frameworks",
				);
				PRODUCT_BUNDLE_IDENTIFIER = com.tao.www.jike;
				PRODUCT_NAME = "$(TARGET_NAME)";
				TARGETED_DEVICE_FAMILY = 1;
			};
			name = Debug;
		};
		B041EDD320A98C8B0084E791 /* Release */ = {
			isa = XCBuildConfiguration;
			baseConfigurationReference = 9553F47F42A51AB5A98B0FF0 /* Pods-jike.release.xcconfig */;
			buildSettings = {
				ASSETCATALOG_COMPILER_APPICON_NAME = AppIcon;
				CODE_SIGN_STYLE = Automatic;
				DEVELOPMENT_TEAM = G4WKFEB524;
				GCC_PRECOMPILE_PREFIX_HEADER = YES;
				GCC_PREFIX_HEADER = jike/PrefixHeader.pch;
				INFOPLIST_FILE = jike/Info.plist;
				IPHONEOS_DEPLOYMENT_TARGET = 9.3;
				LD_RUNPATH_SEARCH_PATHS = (
					"$(inherited)",
					"@executable_path/Frameworks",
				);
				PRODUCT_BUNDLE_IDENTIFIER = com.tao.www.jike;
				PRODUCT_NAME = "$(TARGET_NAME)";
				TARGETED_DEVICE_FAMILY = 1;
			};
			name = Release;
		};
		B041EDD520A98C8B0084E791 /* Debug */ = {
			isa = XCBuildConfiguration;
			buildSettings = {
				BUNDLE_LOADER = "$(TEST_HOST)";
				CODE_SIGN_STYLE = Automatic;
				INFOPLIST_FILE = jikeTests/Info.plist;
				LD_RUNPATH_SEARCH_PATHS = (
					"$(inherited)",
					"@executable_path/Frameworks",
					"@loader_path/Frameworks",
				);
				PRODUCT_BUNDLE_IDENTIFIER = com.tao.www.jikeTests;
				PRODUCT_NAME = "$(TARGET_NAME)";
				TARGETED_DEVICE_FAMILY = "1,2";
				TEST_HOST = "$(BUILT_PRODUCTS_DIR)/jike.app/jike";
			};
			name = Debug;
		};
		B041EDD620A98C8B0084E791 /* Release */ = {
			isa = XCBuildConfiguration;
			buildSettings = {
				BUNDLE_LOADER = "$(TEST_HOST)";
				CODE_SIGN_STYLE = Automatic;
				INFOPLIST_FILE = jikeTests/Info.plist;
				LD_RUNPATH_SEARCH_PATHS = (
					"$(inherited)",
					"@executable_path/Frameworks",
					"@loader_path/Frameworks",
				);
				PRODUCT_BUNDLE_IDENTIFIER = com.tao.www.jikeTests;
				PRODUCT_NAME = "$(TARGET_NAME)";
				TARGETED_DEVICE_FAMILY = "1,2";
				TEST_HOST = "$(BUILT_PRODUCTS_DIR)/jike.app/jike";
			};
			name = Release;
		};
		B041EDD820A98C8B0084E791 /* Debug */ = {
			isa = XCBuildConfiguration;
			buildSettings = {
				CODE_SIGN_STYLE = Automatic;
				INFOPLIST_FILE = jikeUITests/Info.plist;
				LD_RUNPATH_SEARCH_PATHS = (
					"$(inherited)",
					"@executable_path/Frameworks",
					"@loader_path/Frameworks",
				);
				PRODUCT_BUNDLE_IDENTIFIER = com.tao.www.jikeUITests;
				PRODUCT_NAME = "$(TARGET_NAME)";
				TARGETED_DEVICE_FAMILY = "1,2";
				TEST_TARGET_NAME = jike;
			};
			name = Debug;
		};
		B041EDD920A98C8B0084E791 /* Release */ = {
			isa = XCBuildConfiguration;
			buildSettings = {
				CODE_SIGN_STYLE = Automatic;
				INFOPLIST_FILE = jikeUITests/Info.plist;
				LD_RUNPATH_SEARCH_PATHS = (
					"$(inherited)",
					"@executable_path/Frameworks",
					"@loader_path/Frameworks",
				);
				PRODUCT_BUNDLE_IDENTIFIER = com.tao.www.jikeUITests;
				PRODUCT_NAME = "$(TARGET_NAME)";
				TARGETED_DEVICE_FAMILY = "1,2";
				TEST_TARGET_NAME = jike;
			};
			name = Release;
		};
/* End XCBuildConfiguration section */

/* Begin XCConfigurationList section */
		B041EDA020A98C8B0084E791 /* Build configuration list for PBXProject "jike" */ = {
			isa = XCConfigurationList;
			buildConfigurations = (
				B041EDCF20A98C8B0084E791 /* Debug */,
				B041EDD020A98C8B0084E791 /* Release */,
			);
			defaultConfigurationIsVisible = 0;
			defaultConfigurationName = Release;
		};
		B041EDD120A98C8B0084E791 /* Build configuration list for PBXNativeTarget "jike" */ = {
			isa = XCConfigurationList;
			buildConfigurations = (
				B041EDD220A98C8B0084E791 /* Debug */,
				B041EDD320A98C8B0084E791 /* Release */,
			);
			defaultConfigurationIsVisible = 0;
			defaultConfigurationName = Release;
		};
		B041EDD420A98C8B0084E791 /* Build configuration list for PBXNativeTarget "jikeTests" */ = {
			isa = XCConfigurationList;
			buildConfigurations = (
				B041EDD520A98C8B0084E791 /* Debug */,
				B041EDD620A98C8B0084E791 /* Release */,
			);
			defaultConfigurationIsVisible = 0;
			defaultConfigurationName = Release;
		};
		B041EDD720A98C8B0084E791 /* Build configuration list for PBXNativeTarget "jikeUITests" */ = {
			isa = XCConfigurationList;
			buildConfigurations = (
				B041EDD820A98C8B0084E791 /* Debug */,
				B041EDD920A98C8B0084E791 /* Release */,
			);
			defaultConfigurationIsVisible = 0;
			defaultConfigurationName = Release;
		};
/* End XCConfigurationList section */
	};
	rootObject = B041ED9D20A98C8B0084E791 /* Project object */;
}
